{
  "name": "earpiece",
  "version": "0.3.0",
  "lockfileVersion": 3,
  "requires": true,
  "packages": {
    "": {
      "name": "earpiece",
      "version": "0.3.0",
      "license": "MIT",
      "bin": {
        "earpiece": "bin/earpiece.mjs",
        "jarvis": "bin/jarvis.mjs"
      },
      "engines": {
        "node": ">=20"
      }
    }
  }
}
